// !$*UTF8*$!
{
	archiveVersion = 1;
	classes = {
	};
	objectVersion = 46;
	objects = {

/* Begin PBXBuildFile section */
		124E190C50E240A48B165C95 /* libPods-AnalyticsPrototypicalPrototypeSwiftStyleTests.a in Frameworks */ = {isa = PBXBuildFile; fileRef = 2892367BB96DCB91EDEFA2B0 /* libPods-AnalyticsPrototypicalPrototypeSwiftStyleTests.a */; };
		36A0E4BE1B279D6F00A47D7C /* Main.storyboard in Resources */ = {isa = PBXBuildFile; fileRef = 36A0E4BC1B279D6F00A47D7C /* Main.storyboard */; };
		36A0E4C01B279D6F00A47D7C /* Assets.xcassets in Resources */ = {isa = PBXBuildFile; fileRef = 36A0E4BF1B279D6F00A47D7C /* Assets.xcassets */; };
		36A0E4C31B279D6F00A47D7C /* LaunchScreen.storyboard in Resources */ = {isa = PBXBuildFile; fileRef = 36A0E4C11B279D6F00A47D7C /* LaunchScreen.storyboard */; };
		36A0E4CE1B279D6F00A47D7C /* AnalyticsPrototypicalPrototypeSwiftStyleTests.swift in Sources */ = {isa = PBXBuildFile; fileRef = 36A0E4CD1B279D6F00A47D7C /* AnalyticsPrototypicalPrototypeSwiftStyleTests.swift */; };
		36A0E4D91B279D6F00A47D7C /* AnalyticsPrototypicalPrototypeSwiftStyleUITests.swift in Sources */ = {isa = PBXBuildFile; fileRef = 36A0E4D81B279D6F00A47D7C /* AnalyticsPrototypicalPrototypeSwiftStyleUITests.swift */; };
		36A0E4EB1B279DE700A47D7C /* AppDelegate.swift in Sources */ = {isa = PBXBuildFile; fileRef = 36A0E4EA1B279DE700A47D7C /* AppDelegate.swift */; };
		36A0E4ED1B279DF200A47D7C /* ViewController.swift in Sources */ = {isa = PBXBuildFile; fileRef = 36A0E4EC1B279DF200A47D7C /* ViewController.swift */; };
		36A0E4F11B279E6E00A47D7C /* JUNWebServices.swift in Sources */ = {isa = PBXBuildFile; fileRef = 36A0E4F01B279E6E00A47D7C /* JUNWebServices.swift */; };
		3F6BFAC642A815446A1221C4 /* libPods-AnalyticsPrototypicalPrototypeSwiftStyleUITests.a in Frameworks */ = {isa = PBXBuildFile; fileRef = 2F21EEE50F2F503336830959 /* libPods-AnalyticsPrototypicalPrototypeSwiftStyleUITests.a */; };
/* End PBXBuildFile section */

/* Begin PBXContainerItemProxy section */
		36A0E4CA1B279D6F00A47D7C /* PBXContainerItemProxy */ = {
			isa = PBXContainerItemProxy;
			containerPortal = 36A0E4AD1B279D6F00A47D7C /* Project object */;
			proxyType = 1;
			remoteGlobalIDString = 36A0E4B41B279D6F00A47D7C;
			remoteInfo = AnalyticsPrototypicalPrototypeSwiftStyle;
		};
		36A0E4D51B279D6F00A47D7C /* PBXContainerItemProxy */ = {
			isa = PBXContainerItemProxy;
			containerPortal = 36A0E4AD1B279D6F00A47D7C /* Project object */;
			proxyType = 1;
			remoteGlobalIDString = 36A0E4B41B279D6F00A47D7C;
			remoteInfo = AnalyticsPrototypicalPrototypeSwiftStyle;
		};
/* End PBXContainerItemProxy section */

/* Begin PBXFileReference section */
		2892367BB96DCB91EDEFA2B0 /* libPods-AnalyticsPrototypicalPrototypeSwiftStyleTests.a */ = {isa = PBXFileReference; explicitFileType = archive.ar; includeInIndex = 0; path = "libPods-AnalyticsPrototypicalPrototypeSwiftStyleTests.a"; sourceTree = BUILT_PRODUCTS_DIR; };
		2F21EEE50F2F503336830959 /* libPods-AnalyticsPrototypicalPrototypeSwiftStyleUITests.a */ = {isa = PBXFileReference; explicitFileType = archive.ar; includeInIndex = 0; path = "libPods-AnalyticsPrototypicalPrototypeSwiftStyleUITests.a"; sourceTree = BUILT_PRODUCTS_DIR; };
		36A0E4B51B279D6F00A47D7C /* AnalyticsPrototypicalPrototypeSwiftStyle.app */ = {isa = PBXFileReference; explicitFileType = wrapper.application; includeInIndex = 0; path = AnalyticsPrototypicalPrototypeSwiftStyle.app; sourceTree = BUILT_PRODUCTS_DIR; };
		36A0E4BD1B279D6F00A47D7C /* Base */ = {isa = PBXFileReference; lastKnownFileType = file.storyboard; name = Base; path = Base.lproj/Main.storyboard; sourceTree = "<group>"; };
		36A0E4BF1B279D6F00A47D7C /* Assets.xcassets */ = {isa = PBXFileReference; lastKnownFileType = folder.assetcatalog; path = Assets.xcassets; sourceTree = "<group>"; };
		36A0E4C21B279D6F00A47D7C /* Base */ = {isa = PBXFileReference; lastKnownFileType = file.storyboard; name = Base; path = Base.lproj/LaunchScreen.storyboard; sourceTree = "<group>"; };
		36A0E4C41B279D6F00A47D7C /* Info.plist */ = {isa = PBXFileReference; lastKnownFileType = text.plist.xml; path = Info.plist; sourceTree = "<group>"; };
		36A0E4C91B279D6F00A47D7C /* AnalyticsPrototypicalPrototypeSwiftStyleTests.xctest */ = {isa = PBXFileReference; explicitFileType = wrapper.cfbundle; includeInIndex = 0; path = AnalyticsPrototypicalPrototypeSwiftStyleTests.xctest; sourceTree = BUILT_PRODUCTS_DIR; };
		36A0E4CD1B279D6F00A47D7C /* AnalyticsPrototypicalPrototypeSwiftStyleTests.swift */ = {isa = PBXFileReference; lastKnownFileType = sourcecode.swift; path = AnalyticsPrototypicalPrototypeSwiftStyleTests.swift; sourceTree = "<group>"; };
		36A0E4CF1B279D6F00A47D7C /* Info.plist */ = {isa = PBXFileReference; lastKnownFileType = text.plist.xml; path = Info.plist; sourceTree = "<group>"; };
		36A0E4D41B279D6F00A47D7C /* AnalyticsPrototypicalPrototypeSwiftStyleUITests.xctest */ = {isa = PBXFileReference; explicitFileType = wrapper.cfbundle; includeInIndex = 0; path = AnalyticsPrototypicalPrototypeSwiftStyleUITests.xctest; sourceTree = BUILT_PRODUCTS_DIR; };
		36A0E4D81B279D6F00A47D7C /* AnalyticsPrototypicalPrototypeSwiftStyleUITests.swift */ = {isa = PBXFileReference; lastKnownFileType = sourcecode.swift; path = AnalyticsPrototypicalPrototypeSwiftStyleUITests.swift; sourceTree = "<group>"; };
		36A0E4DA1B279D6F00A47D7C /* Info.plist */ = {isa = PBXFileReference; lastKnownFileType = text.plist.xml; path = Info.plist; sourceTree = "<group>"; };
		36A0E4E91B279DE600A47D7C /* AnalyticsPrototypicalPrototypeSwiftStyle-Bridging-Header.h */ = {isa = PBXFileReference; lastKnownFileType = sourcecode.c.h; path = "AnalyticsPrototypicalPrototypeSwiftStyle-Bridging-Header.h"; sourceTree = "<group>"; };
		36A0E4EA1B279DE700A47D7C /* AppDelegate.swift */ = {isa = PBXFileReference; fileEncoding = 4; lastKnownFileType = sourcecode.swift; name = AppDelegate.swift; path = "Application Delegate/AppDelegate.swift"; sourceTree = "<group>"; };
		36A0E4EC1B279DF200A47D7C /* ViewController.swift */ = {isa = PBXFileReference; fileEncoding = 4; lastKnownFileType = sourcecode.swift; name = ViewController.swift; path = "View Controllers/ViewController.swift"; sourceTree = "<group>"; };
		36A0E4F01B279E6E00A47D7C /* JUNWebServices.swift */ = {isa = PBXFileReference; fileEncoding = 4; lastKnownFileType = sourcecode.swift; name = JUNWebServices.swift; path = "Web Service API/JUNWebServices.swift"; sourceTree = "<group>"; };
		53747FDC06620F186ACD9BA4 /* Pods-AnalyticsPrototypicalPrototypeSwiftStyleTests.debug.xcconfig */ = {isa = PBXFileReference; includeInIndex = 1; lastKnownFileType = text.xcconfig; name = "Pods-AnalyticsPrototypicalPrototypeSwiftStyleTests.debug.xcconfig"; path = "Pods/Target Support Files/Pods-AnalyticsPrototypicalPrototypeSwiftStyleTests/Pods-AnalyticsPrototypicalPrototypeSwiftStyleTests.debug.xcconfig"; sourceTree = "<group>"; };
		84139A4DFA200C4F35C3A33F /* Pods-AnalyticsPrototypicalPrototypeSwiftStyleUITests.debug.xcconfig */ = {isa = PBXFileReference; includeInIndex = 1; lastKnownFileType = text.xcconfig; name = "Pods-AnalyticsPrototypicalPrototypeSwiftStyleUITests.debug.xcconfig"; path = "Pods/Target Support Files/Pods-AnalyticsPrototypicalPrototypeSwiftStyleUITests/Pods-AnalyticsPrototypicalPrototypeSwiftStyleUITests.debug.xcconfig"; sourceTree = "<group>"; };
		A3E1D7E11EF9DA8CEE10FC73 /* Pods-AnalyticsPrototypicalPrototypeSwiftStyleUITests.release.xcconfig */ = {isa = PBXFileReference; includeInIndex = 1; lastKnownFileType = text.xcconfig; name = "Pods-AnalyticsPrototypicalPrototypeSwiftStyleUITests.release.xcconfig"; path = "Pods/Target Support Files/Pods-AnalyticsPrototypicalPrototypeSwiftStyleUITests/Pods-AnalyticsPrototypicalPrototypeSwiftStyleUITests.release.xcconfig"; sourceTree = "<group>"; };
		F908FED3F479F057F81BA4E1 /* Pods-AnalyticsPrototypicalPrototypeSwiftStyleTests.release.xcconfig */ = {isa = PBXFileReference; includeInIndex = 1; lastKnownFileType = text.xcconfig; name = "Pods-AnalyticsPrototypicalPrototypeSwiftStyleTests.release.xcconfig"; path = "Pods/Target Support Files/Pods-AnalyticsPrototypicalPrototypeSwiftStyleTests/Pods-AnalyticsPrototypicalPrototypeSwiftStyleTests.release.xcconfig"; sourceTree = "<group>"; };
/* End PBXFileReference section */

/* Begin PBXFrameworksBuildPhase section */
		36A0E4B21B279D6F00A47D7C /* Frameworks */ = {
			isa = PBXFrameworksBuildPhase;
			buildActionMask = 2147483647;
			files = (
			);
			runOnlyForDeploymentPostprocessing = 0;
		};
		36A0E4C61B279D6F00A47D7C /* Frameworks */ = {
			isa = PBXFrameworksBuildPhase;
			buildActionMask = 2147483647;
			files = (
				124E190C50E240A48B165C95 /* libPods-AnalyticsPrototypicalPrototypeSwiftStyleTests.a in Frameworks */,
			);
			runOnlyForDeploymentPostprocessing = 0;
		};
		36A0E4D11B279D6F00A47D7C /* Frameworks */ = {
			isa = PBXFrameworksBuildPhase;
			buildActionMask = 2147483647;
			files = (
				3F6BFAC642A815446A1221C4 /* libPods-AnalyticsPrototypicalPrototypeSwiftStyleUITests.a in Frameworks */,
			);
			runOnlyForDeploymentPostprocessing = 0;
		};
/* End PBXFrameworksBuildPhase section */

/* Begin PBXGroup section */
		36A0E4AC1B279D6F00A47D7C = {
			isa = PBXGroup;
			children = (
				36A0E4B71B279D6F00A47D7C /* AnalyticsPrototypicalPrototypeSwiftStyle */,
				36A0E4CC1B279D6F00A47D7C /* AnalyticsPrototypicalPrototypeSwiftStyleTests */,
				36A0E4D71B279D6F00A47D7C /* AnalyticsPrototypicalPrototypeSwiftStyleUITests */,
				36A0E4B61B279D6F00A47D7C /* Products */,
				C173CE881FCBEA7E2865013E /* Pods */,
				932E96C3622E47E7A8333B20 /* Frameworks */,
			);
			sourceTree = "<group>";
		};
		36A0E4B61B279D6F00A47D7C /* Products */ = {
			isa = PBXGroup;
			children = (
				36A0E4B51B279D6F00A47D7C /* AnalyticsPrototypicalPrototypeSwiftStyle.app */,
				36A0E4C91B279D6F00A47D7C /* AnalyticsPrototypicalPrototypeSwiftStyleTests.xctest */,
				36A0E4D41B279D6F00A47D7C /* AnalyticsPrototypicalPrototypeSwiftStyleUITests.xctest */,
			);
			name = Products;
			sourceTree = "<group>";
		};
		36A0E4B71B279D6F00A47D7C /* AnalyticsPrototypicalPrototypeSwiftStyle */ = {
			isa = PBXGroup;
			children = (
				36A0E4E81B279DA100A47D7C /* Application Delegate */,
				36A0E4EF1B279E2400A47D7C /* Model */,
				36A0E4E71B279D9500A47D7C /* View Controllers */,
				36A0E4EE1B279E0800A47D7C /* Web Service API */,
				36A0E4E61B279D8300A47D7C /* Storyboards */,
				36B05E071B27E8EC00FB3376 /* Bridging Header */,
				36A0E4BF1B279D6F00A47D7C /* Assets.xcassets */,
				36A0E4C41B279D6F00A47D7C /* Info.plist */,
			);
			path = AnalyticsPrototypicalPrototypeSwiftStyle;
			sourceTree = "<group>";
		};
		36A0E4CC1B279D6F00A47D7C /* AnalyticsPrototypicalPrototypeSwiftStyleTests */ = {
			isa = PBXGroup;
			children = (
				36A0E4CD1B279D6F00A47D7C /* AnalyticsPrototypicalPrototypeSwiftStyleTests.swift */,
				36A0E4CF1B279D6F00A47D7C /* Info.plist */,
			);
			path = AnalyticsPrototypicalPrototypeSwiftStyleTests;
			sourceTree = "<group>";
		};
		36A0E4D71B279D6F00A47D7C /* AnalyticsPrototypicalPrototypeSwiftStyleUITests */ = {
			isa = PBXGroup;
			children = (
				36A0E4D81B279D6F00A47D7C /* AnalyticsPrototypicalPrototypeSwiftStyleUITests.swift */,
				36A0E4DA1B279D6F00A47D7C /* Info.plist */,
			);
			path = AnalyticsPrototypicalPrototypeSwiftStyleUITests;
			sourceTree = "<group>";
		};
		36A0E4E61B279D8300A47D7C /* Storyboards */ = {
			isa = PBXGroup;
			children = (
				36A0E4BC1B279D6F00A47D7C /* Main.storyboard */,
				36A0E4C11B279D6F00A47D7C /* LaunchScreen.storyboard */,
			);
			name = Storyboards;
			sourceTree = "<group>";
		};
		36A0E4E71B279D9500A47D7C /* View Controllers */ = {
			isa = PBXGroup;
			children = (
				36A0E4EC1B279DF200A47D7C /* ViewController.swift */,
			);
			name = "View Controllers";
			sourceTree = "<group>";
		};
		36A0E4E81B279DA100A47D7C /* Application Delegate */ = {
			isa = PBXGroup;
			children = (
				36A0E4EA1B279DE700A47D7C /* AppDelegate.swift */,
			);
			name = "Application Delegate";
			sourceTree = "<group>";
		};
		36A0E4EE1B279E0800A47D7C /* Web Service API */ = {
			isa = PBXGroup;
			children = (
				36A0E4F01B279E6E00A47D7C /* JUNWebServices.swift */,
			);
			name = "Web Service API";
			sourceTree = "<group>";
		};
		36A0E4EF1B279E2400A47D7C /* Model */ = {
			isa = PBXGroup;
			children = (
			);
			name = Model;
			sourceTree = "<group>";
		};
		36B05E071B27E8EC00FB3376 /* Bridging Header */ = {
			isa = PBXGroup;
			children = (
				36A0E4E91B279DE600A47D7C /* AnalyticsPrototypicalPrototypeSwiftStyle-Bridging-Header.h */,
			);
			name = "Bridging Header";
			sourceTree = "<group>";
		};
		932E96C3622E47E7A8333B20 /* Frameworks */ = {
			isa = PBXGroup;
			children = (
				2892367BB96DCB91EDEFA2B0 /* libPods-AnalyticsPrototypicalPrototypeSwiftStyleTests.a */,
				2F21EEE50F2F503336830959 /* libPods-AnalyticsPrototypicalPrototypeSwiftStyleUITests.a */,
			);
			name = Frameworks;
			sourceTree = "<group>";
		};
		C173CE881FCBEA7E2865013E /* Pods */ = {
			isa = PBXGroup;
			children = (
				53747FDC06620F186ACD9BA4 /* Pods-AnalyticsPrototypicalPrototypeSwiftStyleTests.debug.xcconfig */,
				F908FED3F479F057F81BA4E1 /* Pods-AnalyticsPrototypicalPrototypeSwiftStyleTests.release.xcconfig */,
				84139A4DFA200C4F35C3A33F /* Pods-AnalyticsPrototypicalPrototypeSwiftStyleUITests.debug.xcconfig */,
				A3E1D7E11EF9DA8CEE10FC73 /* Pods-AnalyticsPrototypicalPrototypeSwiftStyleUITests.release.xcconfig */,
			);
			name = Pods;
			sourceTree = "<group>";
		};
/* End PBXGroup section */

/* Begin PBXNativeTarget section */
		36A0E4B41B279D6F00A47D7C /* AnalyticsPrototypicalPrototypeSwiftStyle */ = {
			isa = PBXNativeTarget;
			buildConfigurationList = 36A0E4DD1B279D6F00A47D7C /* Build configuration list for PBXNativeTarget "AnalyticsPrototypicalPrototypeSwiftStyle" */;
			buildPhases = (
				36A0E4B11B279D6F00A47D7C /* Sources */,
				36A0E4B21B279D6F00A47D7C /* Frameworks */,
				36A0E4B31B279D6F00A47D7C /* Resources */,
			);
			buildRules = (
			);
			dependencies = (
			);
			name = AnalyticsPrototypicalPrototypeSwiftStyle;
			productName = AnalyticsPrototypicalPrototypeSwiftStyle;
			productReference = 36A0E4B51B279D6F00A47D7C /* AnalyticsPrototypicalPrototypeSwiftStyle.app */;
			productType = "com.apple.product-type.application";
		};
		36A0E4C81B279D6F00A47D7C /* AnalyticsPrototypicalPrototypeSwiftStyleTests */ = {
			isa = PBXNativeTarget;
			buildConfigurationList = 36A0E4E01B279D6F00A47D7C /* Build configuration list for PBXNativeTarget "AnalyticsPrototypicalPrototypeSwiftStyleTests" */;
			buildPhases = (
				836A3886F2EC9270DB564945 /* Check Pods Manifest.lock */,
				36A0E4C51B279D6F00A47D7C /* Sources */,
				36A0E4C61B279D6F00A47D7C /* Frameworks */,
				36A0E4C71B279D6F00A47D7C /* Resources */,
				A02F744BD65DF4A32D9AD630 /* Copy Pods Resources */,
			);
			buildRules = (
			);
			dependencies = (
				36A0E4CB1B279D6F00A47D7C /* PBXTargetDependency */,
			);
			name = AnalyticsPrototypicalPrototypeSwiftStyleTests;
			productName = AnalyticsPrototypicalPrototypeSwiftStyleTests;
			productReference = 36A0E4C91B279D6F00A47D7C /* AnalyticsPrototypicalPrototypeSwiftStyleTests.xctest */;
			productType = "com.apple.product-type.bundle.unit-test";
		};
		36A0E4D31B279D6F00A47D7C /* AnalyticsPrototypicalPrototypeSwiftStyleUITests */ = {
			isa = PBXNativeTarget;
			buildConfigurationList = 36A0E4E31B279D6F00A47D7C /* Build configuration list for PBXNativeTarget "AnalyticsPrototypicalPrototypeSwiftStyleUITests" */;
			buildPhases = (
				46FA88696F50FE420D124328 /* Check Pods Manifest.lock */,
				36A0E4D01B279D6F00A47D7C /* Sources */,
				36A0E4D11B279D6F00A47D7C /* Frameworks */,
				36A0E4D21B279D6F00A47D7C /* Resources */,
				C158D708EF12868DEF324EAD /* Copy Pods Resources */,
			);
			buildRules = (
			);
			dependencies = (
				36A0E4D61B279D6F00A47D7C /* PBXTargetDependency */,
			);
			name = AnalyticsPrototypicalPrototypeSwiftStyleUITests;
			productName = AnalyticsPrototypicalPrototypeSwiftStyleUITests;
			productReference = 36A0E4D41B279D6F00A47D7C /* AnalyticsPrototypicalPrototypeSwiftStyleUITests.xctest */;
			productType = "com.apple.product-type.bundle.ui-testing";
		};
/* End PBXNativeTarget section */

/* Begin PBXProject section */
		36A0E4AD1B279D6F00A47D7C /* Project object */ = {
			isa = PBXProject;
			attributes = {
				LastSwiftUpdateCheck = 0700;
				LastUpgradeCheck = 0700;
				ORGANIZATIONNAME = JunGroup;
				TargetAttributes = {
					36A0E4B41B279D6F00A47D7C = {
						CreatedOnToolsVersion = 7.0;
					};
					36A0E4C81B279D6F00A47D7C = {
						CreatedOnToolsVersion = 7.0;
						TestTargetID = 36A0E4B41B279D6F00A47D7C;
					};
					36A0E4D31B279D6F00A47D7C = {
						CreatedOnToolsVersion = 7.0;
						TestTargetID = 36A0E4B41B279D6F00A47D7C;
					};
				};
			};
			buildConfigurationList = 36A0E4B01B279D6F00A47D7C /* Build configuration list for PBXProject "AnalyticsPrototypicalPrototypeSwiftStyle" */;
			compatibilityVersion = "Xcode 3.2";
			developmentRegion = English;
			hasScannedForEncodings = 0;
			knownRegions = (
				en,
				Base,
			);
			mainGroup = 36A0E4AC1B279D6F00A47D7C;
			productRefGroup = 36A0E4B61B279D6F00A47D7C /* Products */;
			projectDirPath = "";
			projectRoot = "";
			targets = (
				36A0E4B41B279D6F00A47D7C /* AnalyticsPrototypicalPrototypeSwiftStyle */,
				36A0E4C81B279D6F00A47D7C /* AnalyticsPrototypicalPrototypeSwiftStyleTests */,
				36A0E4D31B279D6F00A47D7C /* AnalyticsPrototypicalPrototypeSwiftStyleUITests */,
			);
		};
/* End PBXProject section */

/* Begin PBXResourcesBuildPhase section */
		36A0E4B31B279D6F00A47D7C /* Resources */ = {
			isa = PBXResourcesBuildPhase;
			buildActionMask = 2147483647;
			files = (
				36A0E4C31B279D6F00A47D7C /* LaunchScreen.storyboard in Resources */,
				36A0E4C01B279D6F00A47D7C /* Assets.xcassets in Resources */,
				36A0E4BE1B279D6F00A47D7C /* Main.storyboard in Resources */,
			);
			runOnlyForDeploymentPostprocessing = 0;
		};
		36A0E4C71B279D6F00A47D7C /* Resources */ = {
			isa = PBXResourcesBuildPhase;
			buildActionMask = 2147483647;
			files = (
			);
			runOnlyForDeploymentPostprocessing = 0;
		};
		36A0E4D21B279D6F00A47D7C /* Resources */ = {
			isa = PBXResourcesBuildPhase;
			buildActionMask = 2147483647;
			files = (
			);
			runOnlyForDeploymentPostprocessing = 0;
		};
/* End PBXResourcesBuildPhase section */

/* Begin PBXShellScriptBuildPhase section */
		46FA88696F50FE420D124328 /* Check Pods Manifest.lock */ = {
			isa = PBXShellScriptBuildPhase;
			buildActionMask = 2147483647;
			files = (
			);
			inputPaths = (
			);
			name = "Check Pods Manifest.lock";
			outputPaths = (
			);
			runOnlyForDeploymentPostprocessing = 0;
			shellPath = /bin/sh;
			shellScript = "diff \"${PODS_ROOT}/../Podfile.lock\" \"${PODS_ROOT}/Manifest.lock\" > /dev/null\nif [[ $? != 0 ]] ; then\n    cat << EOM\nerror: The sandbox is not in sync with the Podfile.lock. Run 'pod install' or update your CocoaPods installation.\nEOM\n    exit 1\nfi\n";
			showEnvVarsInLog = 0;
		};
		836A3886F2EC9270DB564945 /* Check Pods Manifest.lock */ = {
			isa = PBXShellScriptBuildPhase;
			buildActionMask = 2147483647;
			files = (
			);
			inputPaths = (
			);
			name = "Check Pods Manifest.lock";
			outputPaths = (
			);
			runOnlyForDeploymentPostprocessing = 0;
			shellPath = /bin/sh;
			shellScript = "diff \"${PODS_ROOT}/../Podfile.lock\" \"${PODS_ROOT}/Manifest.lock\" > /dev/null\nif [[ $? != 0 ]] ; then\n    cat << EOM\nerror: The sandbox is not in sync with the Podfile.lock. Run 'pod install' or update your CocoaPods installation.\nEOM\n    exit 1\nfi\n";
			showEnvVarsInLog = 0;
		};
		A02F744BD65DF4A32D9AD630 /* Copy Pods Resources */ = {
			isa = PBXShellScriptBuildPhase;
			buildActionMask = 2147483647;
			files = (
			);
			inputPaths = (
			);
			name = "Copy Pods Resources";
			outputPaths = (
			);
			runOnlyForDeploymentPostprocessing = 0;
			shellPath = /bin/sh;
			shellScript = "\"${SRCROOT}/Pods/Target Support Files/Pods-AnalyticsPrototypicalPrototypeSwiftStyleTests/Pods-AnalyticsPrototypicalPrototypeSwiftStyleTests-resources.sh\"\n";
			showEnvVarsInLog = 0;
		};
		C158D708EF12868DEF324EAD /* Copy Pods Resources */ = {
			isa = PBXShellScriptBuildPhase;
			buildActionMask = 2147483647;
			files = (
			);
			inputPaths = (
			);
			name = "Copy Pods Resources";
			outputPaths = (
			);
			runOnlyForDeploymentPostprocessing = 0;
			shellPath = /bin/sh;
			shellScript = "\"${SRCROOT}/Pods/Target Support Files/Pods-AnalyticsPrototypicalPrototypeSwiftStyleUITests/Pods-AnalyticsPrototypicalPrototypeSwiftStyleUITests-resources.sh\"\n";
			showEnvVarsInLog = 0;
		};
/* End PBXShellScriptBuildPhase section */

/* Begin PBXSourcesBuildPhase section */
		36A0E4B11B279D6F00A47D7C /* Sources */ = {
			isa = PBXSourcesBuildPhase;
			buildActionMask = 2147483647;
			files = (
				36A0E4F11B279E6E00A47D7C /* JUNWebServices.swift in Sources */,
				36A0E4ED1B279DF200A47D7C /* ViewController.swift in Sources */,
				36A0E4EB1B279DE700A47D7C /* AppDelegate.swift in Sources */,
			);
			runOnlyForDeploymentPostprocessing = 0;
		};
		36A0E4C51B279D6F00A47D7C /* Sources */ = {
			isa = PBXSourcesBuildPhase;
			buildActionMask = 2147483647;
			files = (
				36A0E4CE1B279D6F00A47D7C /* AnalyticsPrototypicalPrototypeSwiftStyleTests.swift in Sources */,
			);
			runOnlyForDeploymentPostprocessing = 0;
		};
		36A0E4D01B279D6F00A47D7C /* Sources */ = {
			isa = PBXSourcesBuildPhase;
			buildActionMask = 2147483647;
			files = (
				36A0E4D91B279D6F00A47D7C /* AnalyticsPrototypicalPrototypeSwiftStyleUITests.swift in Sources */,
			);
			runOnlyForDeploymentPostprocessing = 0;
		};
/* End PBXSourcesBuildPhase section */

/* Begin PBXTargetDependency section */
		36A0E4CB1B279D6F00A47D7C /* PBXTargetDependency */ = {
			isa = PBXTargetDependency;
			target = 36A0E4B41B279D6F00A47D7C /* AnalyticsPrototypicalPrototypeSwiftStyle */;
			targetProxy = 36A0E4CA1B279D6F00A47D7C /* PBXContainerItemProxy */;
		};
		36A0E4D61B279D6F00A47D7C /* PBXTargetDependency */ = {
			isa = PBXTargetDependency;
			target = 36A0E4B41B279D6F00A47D7C /* AnalyticsPrototypicalPrototypeSwiftStyle */;
			targetProxy = 36A0E4D51B279D6F00A47D7C /* PBXContainerItemProxy */;
		};
/* End PBXTargetDependency section */

/* Begin PBXVariantGroup section */
		36A0E4BC1B279D6F00A47D7C /* Main.storyboard */ = {
			isa = PBXVariantGroup;
			children = (
				36A0E4BD1B279D6F00A47D7C /* Base */,
			);
			name = Main.storyboard;
			sourceTree = "<group>";
		};
		36A0E4C11B279D6F00A47D7C /* LaunchScreen.storyboard */ = {
			isa = PBXVariantGroup;
			children = (
				36A0E4C21B279D6F00A47D7C /* Base */,
			);
			name = LaunchScreen.storyboard;
			sourceTree = "<group>";
		};
/* End PBXVariantGroup section */

/* Begin XCBuildConfiguration section */
		36A0E4DB1B279D6F00A47D7C /* Debug */ = {
			isa = XCBuildConfiguration;
			buildSettings = {
				ALWAYS_SEARCH_USER_PATHS = NO;
				CLANG_CXX_LANGUAGE_STANDARD = "gnu++0x";
				CLANG_CXX_LIBRARY = "libc++";
				CLANG_ENABLE_MODULES = YES;
				CLANG_ENABLE_OBJC_ARC = YES;
				CLANG_WARN_BOOL_CONVERSION = YES;
				CLANG_WARN_CONSTANT_CONVERSION = YES;
				CLANG_WARN_DIRECT_OBJC_ISA_USAGE = YES_ERROR;
				CLANG_WARN_EMPTY_BODY = YES;
				CLANG_WARN_ENUM_CONVERSION = YES;
				CLANG_WARN_INT_CONVERSION = YES;
				CLANG_WARN_OBJC_ROOT_CLASS = YES_ERROR;
				CLANG_WARN_UNREACHABLE_CODE = YES;
				CLANG_WARN__DUPLICATE_METHOD_MATCH = YES;
				"CODE_SIGN_IDENTITY[sdk=iphoneos*]" = "iPhone Developer";
				COPY_PHASE_STRIP = NO;
				DEBUG_INFORMATION_FORMAT = dwarf;
				ENABLE_STRICT_OBJC_MSGSEND = YES;
				ENABLE_TESTABILITY = YES;
				GCC_C_LANGUAGE_STANDARD = gnu99;
				GCC_DYNAMIC_NO_PIC = NO;
				GCC_NO_COMMON_BLOCKS = YES;
				GCC_OPTIMIZATION_LEVEL = 0;
				GCC_PREPROCESSOR_DEFINITIONS = (
					"DEBUG=1",
					"$(inherited)",
				);
				GCC_WARN_64_TO_32_BIT_CONVERSION = YES;
				GCC_WARN_ABOUT_RETURN_TYPE = YES_ERROR;
				GCC_WARN_UNDECLARED_SELECTOR = YES;
				GCC_WARN_UNINITIALIZED_AUTOS = YES_AGGRESSIVE;
				GCC_WARN_UNUSED_FUNCTION = YES;
				GCC_WARN_UNUSED_VARIABLE = YES;
				IPHONEOS_DEPLOYMENT_TARGET = 9.0;
				MTL_ENABLE_DEBUG_INFO = YES;
				ONLY_ACTIVE_ARCH = YES;
				SDKROOT = iphoneos;
				SWIFT_OPTIMIZATION_LEVEL = "-Onone";
				TARGETED_DEVICE_FAMILY = "1,2";
			};
			name = Debug;
		};
		36A0E4DC1B279D6F00A47D7C /* Release */ = {
			isa = XCBuildConfiguration;
			buildSettings = {
				ALWAYS_SEARCH_USER_PATHS = NO;
				CLANG_CXX_LANGUAGE_STANDARD = "gnu++0x";
				CLANG_CXX_LIBRARY = "libc++";
				CLANG_ENABLE_MODULES = YES;
				CLANG_ENABLE_OBJC_ARC = YES;
				CLANG_WARN_BOOL_CONVERSION = YES;
				CLANG_WARN_CONSTANT_CONVERSION = YES;
				CLANG_WARN_DIRECT_OBJC_ISA_USAGE = YES_ERROR;
				CLANG_WARN_EMPTY_BODY = YES;
				CLANG_WARN_ENUM_CONVERSION = YES;
				CLANG_WARN_INT_CONVERSION = YES;
				CLANG_WARN_OBJC_ROOT_CLASS = YES_ERROR;
				CLANG_WARN_UNREACHABLE_CODE = YES;
				CLANG_WARN__DUPLICATE_METHOD_MATCH = YES;
				"CODE_SIGN_IDENTITY[sdk=iphoneos*]" = "iPhone Developer";
				COPY_PHASE_STRIP = NO;
				DEBUG_INFORMATION_FORMAT = "dwarf-with-dsym";
				ENABLE_NS_ASSERTIONS = NO;
				ENABLE_STRICT_OBJC_MSGSEND = YES;
				GCC_C_LANGUAGE_STANDARD = gnu99;
				GCC_NO_COMMON_BLOCKS = YES;
				GCC_WARN_64_TO_32_BIT_CONVERSION = YES;
				GCC_WARN_ABOUT_RETURN_TYPE = YES_ERROR;
				GCC_WARN_UNDECLARED_SELECTOR = YES;
				GCC_WARN_UNINITIALIZED_AUTOS = YES_AGGRESSIVE;
				GCC_WARN_UNUSED_FUNCTION = YES;
				GCC_WARN_UNUSED_VARIABLE = YES;
				IPHONEOS_DEPLOYMENT_TARGET = 9.0;
				MTL_ENABLE_DEBUG_INFO = NO;
				SDKROOT = iphoneos;
				TARGETED_DEVICE_FAMILY = "1,2";
				VALIDATE_PRODUCT = YES;
			};
			name = Release;
		};
		36A0E4DE1B279D6F00A47D7C /* Debug */ = {
			isa = XCBuildConfiguration;
			buildSettings = {
				ASSETCATALOG_COMPILER_APPICON_NAME = AppIcon;
				CLANG_ENABLE_MODULES = YES;
				INFOPLIST_FILE = AnalyticsPrototypicalPrototypeSwiftStyle/Info.plist;
				LD_RUNPATH_SEARCH_PATHS = "$(inherited) @executable_path/Frameworks";
				PRODUCT_BUNDLE_IDENTIFIER = com.jungroup.www.AnalyticsPrototypicalPrototypeSwiftStyle;
				PRODUCT_NAME = "$(TARGET_NAME)";
				SWIFT_OBJC_BRIDGING_HEADER = "AnalyticsPrototypicalPrototypeSwiftStyle/AnalyticsPrototypicalPrototypeSwiftStyle-Bridging-Header.h";
				SWIFT_OPTIMIZATION_LEVEL = "-Onone";
				TARGETED_DEVICE_FAMILY = 1;
			};
			name = Debug;
		};
		36A0E4DF1B279D6F00A47D7C /* Release */ = {
			isa = XCBuildConfiguration;
			buildSettings = {
				ASSETCATALOG_COMPILER_APPICON_NAME = AppIcon;
				CLANG_ENABLE_MODULES = YES;
				INFOPLIST_FILE = AnalyticsPrototypicalPrototypeSwiftStyle/Info.plist;
				LD_RUNPATH_SEARCH_PATHS = "$(inherited) @executable_path/Frameworks";
				PRODUCT_BUNDLE_IDENTIFIER = com.jungroup.www.AnalyticsPrototypicalPrototypeSwiftStyle;
				PRODUCT_NAME = "$(TARGET_NAME)";
				SWIFT_OBJC_BRIDGING_HEADER = "AnalyticsPrototypicalPrototypeSwiftStyle/AnalyticsPrototypicalPrototypeSwiftStyle-Bridging-Header.h";
				TARGETED_DEVICE_FAMILY = 1;
			};
			name = Release;
		};
		36A0E4E11B279D6F00A47D7C /* Debug */ = {
			isa = XCBuildConfiguration;
			baseConfigurationReference = 53747FDC06620F186ACD9BA4 /* Pods-AnalyticsPrototypicalPrototypeSwiftStyleTests.debug.xcconfig */;
			buildSettings = {
				BUNDLE_LOADER = "$(TEST_HOST)";
				INFOPLIST_FILE = AnalyticsPrototypicalPrototypeSwiftStyleTests/Info.plist;
				LD_RUNPATH_SEARCH_PATHS = "$(inherited) @executable_path/Frameworks @loader_path/Frameworks";
				PRODUCT_BUNDLE_IDENTIFIER = com.jungroup.www.AnalyticsPrototypicalPrototypeSwiftStyleTests;
				PRODUCT_NAME = "$(TARGET_NAME)";
				TEST_HOST = "$(BUILT_PRODUCTS_DIR)/AnalyticsPrototypicalPrototypeSwiftStyle.app/AnalyticsPrototypicalPrototypeSwiftStyle";
			};
			name = Debug;
		};
		36A0E4E21B279D6F00A47D7C /* Release */ = {
			isa = XCBuildConfiguration;
			baseConfigurationReference = F908FED3F479F057F81BA4E1 /* Pods-AnalyticsPrototypicalPrototypeSwiftStyleTests.release.xcconfig */;
			buildSettings = {
				BUNDLE_LOADER = "$(TEST_HOST)";
				INFOPLIST_FILE = AnalyticsPrototypicalPrototypeSwiftStyleTests/Info.plist;
				LD_RUNPATH_SEARCH_PATHS = "$(inherited) @executable_path/Frameworks @loader_path/Frameworks";
				PRODUCT_BUNDLE_IDENTIFIER = com.jungroup.www.AnalyticsPrototypicalPrototypeSwiftStyleTests;
				PRODUCT_NAME = "$(TARGET_NAME)";
				TEST_HOST = "$(BUILT_PRODUCTS_DIR)/AnalyticsPrototypicalPrototypeSwiftStyle.app/AnalyticsPrototypicalPrototypeSwiftStyle";
			};
			name = Release;
		};
		36A0E4E41B279D6F00A47D7C /* Debug */ = {
			isa = XCBuildConfiguration;
			baseConfigurationReference = 84139A4DFA200C4F35C3A33F /* Pods-AnalyticsPrototypicalPrototypeSwiftStyleUITests.debug.xcconfig */;
			buildSettings = {
				INFOPLIST_FILE = AnalyticsPrototypicalPrototypeSwiftStyleUITests/Info.plist;
				LD_RUNPATH_SEARCH_PATHS = "$(inherited) @executable_path/Frameworks @loader_path/Frameworks";
				PRODUCT_BUNDLE_IDENTIFIER = com.jungroup.www.AnalyticsPrototypicalPrototypeSwiftStyleUITests;
				PRODUCT_NAME = "$(TARGET_NAME)";
				TEST_TARGET_NAME = AnalyticsPrototypicalPrototypeSwiftStyle;
				USES_XCTRUNNER = YES;
			};
			name = Debug;
		};
		36A0E4E51B279D6F00A47D7C /* Release */ = {
			isa = XCBuildConfiguration;
			baseConfigurationReference = A3E1D7E11EF9DA8CEE10FC73 /* Pods-AnalyticsPrototypicalPrototypeSwiftStyleUITests.release.xcconfig */;
			buildSettings = {
				INFOPLIST_FILE = AnalyticsPrototypicalPrototypeSwiftStyleUITests/Info.plist;
				LD_RUNPATH_SEARCH_PATHS = "$(inherited) @executable_path/Frameworks @loader_path/Frameworks";
				PRODUCT_BUNDLE_IDENTIFIER = com.jungroup.www.AnalyticsPrototypicalPrototypeSwiftStyleUITests;
				PRODUCT_NAME = "$(TARGET_NAME)";
				TEST_TARGET_NAME = AnalyticsPrototypicalPrototypeSwiftStyle;
				USES_XCTRUNNER = YES;
			};
			name = Release;
		};
/* End XCBuildConfiguration section */

/* Begin XCConfigurationList section */
		36A0E4B01B279D6F00A47D7C /* Build configuration list for PBXProject "AnalyticsPrototypicalPrototypeSwiftStyle" */ = {
			isa = XCConfigurationList;
			buildConfigurations = (
				36A0E4DB1B279D6F00A47D7C /* Debug */,
				36A0E4DC1B279D6F00A47D7C /* Release */,
			);
			defaultConfigurationIsVisible = 0;
			defaultConfigurationName = Release;
		};
		36A0E4DD1B279D6F00A47D7C /* Build configuration list for PBXNativeTarget "AnalyticsPrototypicalPrototypeSwiftStyle" */ = {
			isa = XCConfigurationList;
			buildConfigurations = (
				36A0E4DE1B279D6F00A47D7C /* Debug */,
				36A0E4DF1B279D6F00A47D7C /* Release */,
			);
			defaultConfigurationIsVisible = 0;
			defaultConfigurationName = Release;
		};
		36A0E4E01B279D6F00A47D7C /* Build configuration list for PBXNativeTarget "AnalyticsPrototypicalPrototypeSwiftStyleTests" */ = {
			isa = XCConfigurationList;
			buildConfigurations = (
				36A0E4E11B279D6F00A47D7C /* Debug */,
				36A0E4E21B279D6F00A47D7C /* Release */,
			);
			defaultConfigurationIsVisible = 0;
			defaultConfigurationName = Release;
		};
		36A0E4E31B279D6F00A47D7C /* Build configuration list for PBXNativeTarget "AnalyticsPrototypicalPrototypeSwiftStyleUITests" */ = {
			isa = XCConfigurationList;
			buildConfigurations = (
				36A0E4E41B279D6F00A47D7C /* Debug */,
				36A0E4E51B279D6F00A47D7C /* Release */,
			);
			defaultConfigurationIsVisible = 0;
			defaultConfigurationName = Release;
		};
/* End XCConfigurationList section */
	};
	rootObject = 36A0E4AD1B279D6F00A47D7C /* Project object */;
}
